
Microsoft Visual Studio Solution File, Format Version 12.00
# Visual Studio Version 16
VisualStudioVersion = 16.0.30804.86
MinimumVisualStudioVersion = 10.0.40219.1
Project("{FAE04EC0-301F-11D3-BF4B-00C04F79EFBC}") = "ProvaRebase", "ProvaRebase\ProvaRebase.csproj", "{3BFAB6CF-8D1D-4FF8-B6B3-9BDA277204CE}"
EndProject
Global
	GlobalSection(SolutionConfigurationPlatforms) = preSolution
		Debug|Any CPU = Debug|Any CPU
		Release|Any CPU = Release|Any CPU
	EndGlobalSection
	GlobalSection(ProjectConfigurationPlatforms) = postSolution
		{3BFAB6CF-8D1D-4FF8-B6B3-9BDA277204CE}.Debug|Any CPU.ActiveCfg = Debug|Any CPU
		{3BFAB6CF-8D1D-4FF8-B6B3-9BDA277204CE}.Debug|Any CPU.Build.0 = Debug|Any CPU
		{3BFAB6CF-8D1D-4FF8-B6B3-9BDA277204CE}.Release|Any CPU.ActiveCfg = Release|Any CPU
		{3BFAB6CF-8D1D-4FF8-B6B3-9BDA277204CE}.Release|Any CPU.Build.0 = Release|Any CPU
	EndGlobalSection
	GlobalSection(SolutionProperties) = preSolution
		HideSolutionNode = FALSE
	EndGlobalSection
	GlobalSection(ExtensibilityGlobals) = postSolution
		SolutionGuid = {F64A5EC3-B49D-4405-BA62-79F2D666DB24}
	EndGlobalSection
EndGlobal
